
Microsoft Visual Studio Solution File, Format Version 12.00
Project("{2150E333-8FDC-42A3-9474-1A3956D46DE8}") = "src", "src", "{F671F4C8-4B13-4170-8C66-611962CE7CCD}"
EndProject
Project("{2150E333-8FDC-42A3-9474-1A3956D46DE8}") = "tsts", "tsts", "{8881A7C4-39FD-4700-BD74-6B78369E0262}"
EndProject
Project("{FAE04EC0-301F-11D3-BF4B-00C04F79EFBC}") = "MergeSortedArray", "src\MergeSortedArray\MergeSortedArray.csproj", "{C970D1ED-E5AB-45F1-8DAD-A4866E93FA40}"
EndProject
Project("{FAE04EC0-301F-11D3-BF4B-00C04F79EFBC}") = "MergeSortedArrayTest", "tsts\MergeSortedArrayTest\MergeSortedArrayTest.csproj", "{A1D04A5E-A1DF-4B80-A78E-57B1D4E22CBC}"
EndProject
Project("{FAE04EC0-301F-11D3-BF4B-00C04F79EFBC}") = "SeparateBlackAndWhiteBalls", "src\SeparateBlackAndWhiteBalls\SeparateBlackAndWhiteBalls.csproj", "{4B9EC25D-C4F0-4BCB-B7DE-A7C398589A19}"
EndProject
Project("{FAE04EC0-301F-11D3-BF4B-00C04F79EFBC}") = "SeparateBlackAndWhiteBallsTest", "tsts\SeparateBlackAndWhiteBallsTest\SeparateBlackAndWhiteBallsTest.csproj", "{9B29E46A-4D0B-4ECE-89D0-B66889E34E10}"
EndProject
Project("{FAE04EC0-301F-11D3-BF4B-00C04F79EFBC}") = "NumberOfWaysToSplitArray", "src\NumberOfWaysToSplitArray\NumberOfWaysToSplitArray.csproj", "{7D41D79F-03AB-4D5F-8E0A-955731033D72}"
EndProject
Project("{FAE04EC0-301F-11D3-BF4B-00C04F79EFBC}") = "NumberOfWaysToSplitArrayTest", "tsts\NumberOfWaysToSplitArrayTest\NumberOfWaysToSplitArrayTest.csproj", "{91CBD418-97D0-454E-AC13-2240C5BA834A}"
EndProject
Project("{FAE04EC0-301F-11D3-BF4B-00C04F79EFBC}") = "RunningSumOf1DArrayTest", "tsts\RunningSumOf1DArrayTest\RunningSumOf1DArrayTest.csproj", "{E71E8DE7-E078-401E-A0B1-909F326A90F4}"
EndProject
Project("{FAE04EC0-301F-11D3-BF4B-00C04F79EFBC}") = "RunningSumOf1DArray", "src\RunningSumOf1DArray\RunningSumOf1DArray.csproj", "{347139A3-5080-4EA7-9E23-DBDC54CED68C}"
EndProject
Project("{FAE04EC0-301F-11D3-BF4B-00C04F79EFBC}") = "MinimumValueGetPositiveStepByStepSum", "src\MinimumValueGetPositiveStepByStepSum\MinimumValueGetPositiveStepByStepSum.csproj", "{871BC1E2-292E-41F6-950D-5BA657D85131}"
EndProject
Project("{FAE04EC0-301F-11D3-BF4B-00C04F79EFBC}") = "MinimumValueGetPositiveStepByStepSumTest", "tsts\MinimumValueGetPositiveStepByStepSumTest\MinimumValueGetPositiveStepByStepSumTest.csproj", "{A2E4FFD1-9800-47D9-AB67-6757954764D4}"
EndProject
Project("{FAE04EC0-301F-11D3-BF4B-00C04F79EFBC}") = "KRadiusSubArrayAveragesTest", "tsts\KRadiusSubArrayAveragesTest\KRadiusSubArrayAveragesTest.csproj", "{85AF09CC-3FF5-4B1E-AFE2-DF6485440F6A}"
EndProject
Project("{2150E333-8FDC-42A3-9474-1A3956D46DE8}") = "KRadiusSubArrayAverages", "KRadiusSubArrayAverages", "{EEACB389-582B-4E90-BCDF-2C9B5D023516}"
EndProject
Project("{FAE04EC0-301F-11D3-BF4B-00C04F79EFBC}") = "KRadiusSubArrayAverages", "src\KRadiusSubArrayAverages\KRadiusSubArrayAverages\KRadiusSubArrayAverages.csproj", "{82C613FD-F55B-4E9E-AE24-D570BFA37AE9}"
EndProject
Project("{FAE04EC0-301F-11D3-BF4B-00C04F79EFBC}") = "KRadiusSubArrayAverages.ConsoleApp", "src\KRadiusSubArrayAverages\KRadiusSubArrayAverages.ConsoleApp\KRadiusSubArrayAverages.ConsoleApp.csproj", "{B08F0306-4045-46E9-A233-46AD22C4B2B5}"
EndProject
Global
	GlobalSection(SolutionConfigurationPlatforms) = preSolution
		Debug|Any CPU = Debug|Any CPU
		Release|Any CPU = Release|Any CPU
	EndGlobalSection
	GlobalSection(ProjectConfigurationPlatforms) = postSolution
		{C970D1ED-E5AB-45F1-8DAD-A4866E93FA40}.Debug|Any CPU.ActiveCfg = Debug|Any CPU
		{C970D1ED-E5AB-45F1-8DAD-A4866E93FA40}.Debug|Any CPU.Build.0 = Debug|Any CPU
		{C970D1ED-E5AB-45F1-8DAD-A4866E93FA40}.Release|Any CPU.ActiveCfg = Release|Any CPU
		{C970D1ED-E5AB-45F1-8DAD-A4866E93FA40}.Release|Any CPU.Build.0 = Release|Any CPU
		{A1D04A5E-A1DF-4B80-A78E-57B1D4E22CBC}.Debug|Any CPU.ActiveCfg = Debug|Any CPU
		{A1D04A5E-A1DF-4B80-A78E-57B1D4E22CBC}.Debug|Any CPU.Build.0 = Debug|Any CPU
		{A1D04A5E-A1DF-4B80-A78E-57B1D4E22CBC}.Release|Any CPU.ActiveCfg = Release|Any CPU
		{A1D04A5E-A1DF-4B80-A78E-57B1D4E22CBC}.Release|Any CPU.Build.0 = Release|Any CPU
		{4B9EC25D-C4F0-4BCB-B7DE-A7C398589A19}.Debug|Any CPU.ActiveCfg = Debug|Any CPU
		{4B9EC25D-C4F0-4BCB-B7DE-A7C398589A19}.Debug|Any CPU.Build.0 = Debug|Any CPU
		{4B9EC25D-C4F0-4BCB-B7DE-A7C398589A19}.Release|Any CPU.ActiveCfg = Release|Any CPU
		{4B9EC25D-C4F0-4BCB-B7DE-A7C398589A19}.Release|Any CPU.Build.0 = Release|Any CPU
		{9B29E46A-4D0B-4ECE-89D0-B66889E34E10}.Debug|Any CPU.ActiveCfg = Debug|Any CPU
		{9B29E46A-4D0B-4ECE-89D0-B66889E34E10}.Debug|Any CPU.Build.0 = Debug|Any CPU
		{9B29E46A-4D0B-4ECE-89D0-B66889E34E10}.Release|Any CPU.ActiveCfg = Release|Any CPU
		{9B29E46A-4D0B-4ECE-89D0-B66889E34E10}.Release|Any CPU.Build.0 = Release|Any CPU
		{7D41D79F-03AB-4D5F-8E0A-955731033D72}.Debug|Any CPU.ActiveCfg = Debug|Any CPU
		{7D41D79F-03AB-4D5F-8E0A-955731033D72}.Debug|Any CPU.Build.0 = Debug|Any CPU
		{7D41D79F-03AB-4D5F-8E0A-955731033D72}.Release|Any CPU.ActiveCfg = Release|Any CPU
		{7D41D79F-03AB-4D5F-8E0A-955731033D72}.Release|Any CPU.Build.0 = Release|Any CPU
		{91CBD418-97D0-454E-AC13-2240C5BA834A}.Debug|Any CPU.ActiveCfg = Debug|Any CPU
		{91CBD418-97D0-454E-AC13-2240C5BA834A}.Debug|Any CPU.Build.0 = Debug|Any CPU
		{91CBD418-97D0-454E-AC13-2240C5BA834A}.Release|Any CPU.ActiveCfg = Release|Any CPU
		{91CBD418-97D0-454E-AC13-2240C5BA834A}.Release|Any CPU.Build.0 = Release|Any CPU
		{E71E8DE7-E078-401E-A0B1-909F326A90F4}.Debug|Any CPU.ActiveCfg = Debug|Any CPU
		{E71E8DE7-E078-401E-A0B1-909F326A90F4}.Debug|Any CPU.Build.0 = Debug|Any CPU
		{E71E8DE7-E078-401E-A0B1-909F326A90F4}.Release|Any CPU.ActiveCfg = Release|Any CPU
		{E71E8DE7-E078-401E-A0B1-909F326A90F4}.Release|Any CPU.Build.0 = Release|Any CPU
		{347139A3-5080-4EA7-9E23-DBDC54CED68C}.Debug|Any CPU.ActiveCfg = Debug|Any CPU
		{347139A3-5080-4EA7-9E23-DBDC54CED68C}.Debug|Any CPU.Build.0 = Debug|Any CPU
		{347139A3-5080-4EA7-9E23-DBDC54CED68C}.Release|Any CPU.ActiveCfg = Release|Any CPU
		{347139A3-5080-4EA7-9E23-DBDC54CED68C}.Release|Any CPU.Build.0 = Release|Any CPU
		{871BC1E2-292E-41F6-950D-5BA657D85131}.Debug|Any CPU.ActiveCfg = Debug|Any CPU
		{871BC1E2-292E-41F6-950D-5BA657D85131}.Debug|Any CPU.Build.0 = Debug|Any CPU
		{871BC1E2-292E-41F6-950D-5BA657D85131}.Release|Any CPU.ActiveCfg = Release|Any CPU
		{871BC1E2-292E-41F6-950D-5BA657D85131}.Release|Any CPU.Build.0 = Release|Any CPU
		{A2E4FFD1-9800-47D9-AB67-6757954764D4}.Debug|Any CPU.ActiveCfg = Debug|Any CPU
		{A2E4FFD1-9800-47D9-AB67-6757954764D4}.Debug|Any CPU.Build.0 = Debug|Any CPU
		{A2E4FFD1-9800-47D9-AB67-6757954764D4}.Release|Any CPU.ActiveCfg = Release|Any CPU
		{A2E4FFD1-9800-47D9-AB67-6757954764D4}.Release|Any CPU.Build.0 = Release|Any CPU
		{85AF09CC-3FF5-4B1E-AFE2-DF6485440F6A}.Debug|Any CPU.ActiveCfg = Debug|Any CPU
		{85AF09CC-3FF5-4B1E-AFE2-DF6485440F6A}.Debug|Any CPU.Build.0 = Debug|Any CPU
		{85AF09CC-3FF5-4B1E-AFE2-DF6485440F6A}.Release|Any CPU.ActiveCfg = Release|Any CPU
		{85AF09CC-3FF5-4B1E-AFE2-DF6485440F6A}.Release|Any CPU.Build.0 = Release|Any CPU
		{82C613FD-F55B-4E9E-AE24-D570BFA37AE9}.Debug|Any CPU.ActiveCfg = Debug|Any CPU
		{82C613FD-F55B-4E9E-AE24-D570BFA37AE9}.Debug|Any CPU.Build.0 = Debug|Any CPU
		{82C613FD-F55B-4E9E-AE24-D570BFA37AE9}.Release|Any CPU.ActiveCfg = Release|Any CPU
		{82C613FD-F55B-4E9E-AE24-D570BFA37AE9}.Release|Any CPU.Build.0 = Release|Any CPU
		{B08F0306-4045-46E9-A233-46AD22C4B2B5}.Debug|Any CPU.ActiveCfg = Debug|Any CPU
		{B08F0306-4045-46E9-A233-46AD22C4B2B5}.Debug|Any CPU.Build.0 = Debug|Any CPU
		{B08F0306-4045-46E9-A233-46AD22C4B2B5}.Release|Any CPU.ActiveCfg = Release|Any CPU
		{B08F0306-4045-46E9-A233-46AD22C4B2B5}.Release|Any CPU.Build.0 = Release|Any CPU
	EndGlobalSection
	GlobalSection(NestedProjects) = preSolution
		{C970D1ED-E5AB-45F1-8DAD-A4866E93FA40} = {F671F4C8-4B13-4170-8C66-611962CE7CCD}
		{A1D04A5E-A1DF-4B80-A78E-57B1D4E22CBC} = {8881A7C4-39FD-4700-BD74-6B78369E0262}
		{4B9EC25D-C4F0-4BCB-B7DE-A7C398589A19} = {F671F4C8-4B13-4170-8C66-611962CE7CCD}
		{9B29E46A-4D0B-4ECE-89D0-B66889E34E10} = {8881A7C4-39FD-4700-BD74-6B78369E0262}
		{7D41D79F-03AB-4D5F-8E0A-955731033D72} = {F671F4C8-4B13-4170-8C66-611962CE7CCD}
		{91CBD418-97D0-454E-AC13-2240C5BA834A} = {8881A7C4-39FD-4700-BD74-6B78369E0262}
		{E71E8DE7-E078-401E-A0B1-909F326A90F4} = {8881A7C4-39FD-4700-BD74-6B78369E0262}
		{347139A3-5080-4EA7-9E23-DBDC54CED68C} = {F671F4C8-4B13-4170-8C66-611962CE7CCD}
		{871BC1E2-292E-41F6-950D-5BA657D85131} = {F671F4C8-4B13-4170-8C66-611962CE7CCD}
		{A2E4FFD1-9800-47D9-AB67-6757954764D4} = {8881A7C4-39FD-4700-BD74-6B78369E0262}
		{85AF09CC-3FF5-4B1E-AFE2-DF6485440F6A} = {8881A7C4-39FD-4700-BD74-6B78369E0262}
		{EEACB389-582B-4E90-BCDF-2C9B5D023516} = {F671F4C8-4B13-4170-8C66-611962CE7CCD}
		{82C613FD-F55B-4E9E-AE24-D570BFA37AE9} = {EEACB389-582B-4E90-BCDF-2C9B5D023516}
		{B08F0306-4045-46E9-A233-46AD22C4B2B5} = {EEACB389-582B-4E90-BCDF-2C9B5D023516}
	EndGlobalSection
EndGlobal
